
Microsoft Visual Studio Solution File, Format Version 12.00
# Visual Studio 14
VisualStudioVersion = 14.0.25420.1
MinimumVisualStudioVersion = 10.0.40219.1
Project("{FAE04EC0-301F-11D3-BF4B-00C04F79EFBC}") = "HelloService", "HelloService\HelloService.csproj", "{B5CB1873-E6CD-4C3B-86FD-B9D8F356669C}"
EndProject
Project("{FAE04EC0-301F-11D3-BF4B-00C04F79EFBC}") = "ConsoleApplicationClient", "ConsoleApplicationClient\ConsoleApplicationClient.csproj", "{7553A960-F9F7-4CD7-BA42-157B4ED15567}"
EndProject
Global
	GlobalSection(SolutionConfigurationPlatforms) = preSolution
		Debug|Any CPU = Debug|Any CPU
		Release|Any CPU = Release|Any CPU
	EndGlobalSection
	GlobalSection(ProjectConfigurationPlatforms) = postSolution
		{B5CB1873-E6CD-4C3B-86FD-B9D8F356669C}.Debug|Any CPU.ActiveCfg = Debug|Any CPU
		{B5CB1873-E6CD-4C3B-86FD-B9D8F356669C}.Debug|Any CPU.Build.0 = Debug|Any CPU
		{B5CB1873-E6CD-4C3B-86FD-B9D8F356669C}.Release|Any CPU.ActiveCfg = Release|Any CPU
		{B5CB1873-E6CD-4C3B-86FD-B9D8F356669C}.Release|Any CPU.Build.0 = Release|Any CPU
		{7553A960-F9F7-4CD7-BA42-157B4ED15567}.Debug|Any CPU.ActiveCfg = Debug|Any CPU
		{7553A960-F9F7-4CD7-BA42-157B4ED15567}.Debug|Any CPU.Build.0 = Debug|Any CPU
		{7553A960-F9F7-4CD7-BA42-157B4ED15567}.Release|Any CPU.ActiveCfg = Release|Any CPU
		{7553A960-F9F7-4CD7-BA42-157B4ED15567}.Release|Any CPU.Build.0 = Release|Any CPU
	EndGlobalSection
	GlobalSection(SolutionProperties) = preSolution
		HideSolutionNode = FALSE
	EndGlobalSection
EndGlobal
