
Microsoft Visual Studio Solution File, Format Version 12.00
# Visual Studio 14
VisualStudioVersion = 14.0.25420.1
MinimumVisualStudioVersion = 10.0.40219.1
Project("{FAE04EC0-301F-11D3-BF4B-00C04F79EFBC}") = "RestWebApi", "RestWebApi\RestWebApi.csproj", "{BEEFC124-CF55-4F51-8736-4E5C62BA94EB}"
EndProject
Project("{FAE04EC0-301F-11D3-BF4B-00C04F79EFBC}") = "Bll", "Bll\Bll.csproj", "{35C52A54-8AE0-45DA-89F8-AAC67C12AE6F}"
EndProject
Global
	GlobalSection(SolutionConfigurationPlatforms) = preSolution
		Debug|Any CPU = Debug|Any CPU
		Release|Any CPU = Release|Any CPU
	EndGlobalSection
	GlobalSection(ProjectConfigurationPlatforms) = postSolution
		{BEEFC124-CF55-4F51-8736-4E5C62BA94EB}.Debug|Any CPU.ActiveCfg = Debug|Any CPU
		{BEEFC124-CF55-4F51-8736-4E5C62BA94EB}.Debug|Any CPU.Build.0 = Debug|Any CPU
		{BEEFC124-CF55-4F51-8736-4E5C62BA94EB}.Release|Any CPU.ActiveCfg = Release|Any CPU
		{BEEFC124-CF55-4F51-8736-4E5C62BA94EB}.Release|Any CPU.Build.0 = Release|Any CPU
		{35C52A54-8AE0-45DA-89F8-AAC67C12AE6F}.Debug|Any CPU.ActiveCfg = Debug|Any CPU
		{35C52A54-8AE0-45DA-89F8-AAC67C12AE6F}.Debug|Any CPU.Build.0 = Debug|Any CPU
		{35C52A54-8AE0-45DA-89F8-AAC67C12AE6F}.Release|Any CPU.ActiveCfg = Release|Any CPU
		{35C52A54-8AE0-45DA-89F8-AAC67C12AE6F}.Release|Any CPU.Build.0 = Release|Any CPU
	EndGlobalSection
	GlobalSection(SolutionProperties) = preSolution
		HideSolutionNode = FALSE
	EndGlobalSection
EndGlobal
