
Microsoft Visual Studio Solution File, Format Version 12.00
# Visual Studio 14
VisualStudioVersion = 14.0.25420.1
MinimumVisualStudioVersion = 10.0.40219.1
Project("{FAE04EC0-301F-11D3-BF4B-00C04F79EFBC}") = "MyServiceLibrary", "MyServiceLibrary\MyServiceLibrary.csproj", "{83615058-2919-4CA9-84C2-5368CEF9F281}"
EndProject
Project("{FAE04EC0-301F-11D3-BF4B-00C04F79EFBC}") = "MyServiceLibrary.Tests", "MyServiceLibrary.Tests\MyServiceLibrary.Tests.csproj", "{9A6C785F-F746-4392-89EF-C133C6FF80F1}"
EndProject
Project("{FAE04EC0-301F-11D3-BF4B-00C04F79EFBC}") = "NetworkServer", "NetworkServer\NetworkServer.csproj", "{99D184E7-1A6A-49E8-9F88-B9405521D7C1}"
EndProject
Project("{FAE04EC0-301F-11D3-BF4B-00C04F79EFBC}") = "NetworkClient", "NetworkClient\NetworkClient.csproj", "{9EFAD1D1-DBE7-46F8-86A2-98E170AB4782}"
EndProject
Project("{FAE04EC0-301F-11D3-BF4B-00C04F79EFBC}") = "WcfServiceHost", "WcfServiceHost\WcfServiceHost.csproj", "{56107453-32FC-43B9-9DB1-5DBD4246DF81}"
EndProject
Project("{FAE04EC0-301F-11D3-BF4B-00C04F79EFBC}") = "WcfServiceClient", "WcfServiceClient\WcfServiceClient.csproj", "{BC94B9E1-F248-49E7-A2B8-A4DABDFBFC81}"
EndProject
Global
	GlobalSection(SolutionConfigurationPlatforms) = preSolution
		Debug|Any CPU = Debug|Any CPU
		Release|Any CPU = Release|Any CPU
	EndGlobalSection
	GlobalSection(ProjectConfigurationPlatforms) = postSolution
		{83615058-2919-4CA9-84C2-5368CEF9F281}.Debug|Any CPU.ActiveCfg = Debug|Any CPU
		{83615058-2919-4CA9-84C2-5368CEF9F281}.Debug|Any CPU.Build.0 = Debug|Any CPU
		{83615058-2919-4CA9-84C2-5368CEF9F281}.Release|Any CPU.ActiveCfg = Release|Any CPU
		{83615058-2919-4CA9-84C2-5368CEF9F281}.Release|Any CPU.Build.0 = Release|Any CPU
		{9A6C785F-F746-4392-89EF-C133C6FF80F1}.Debug|Any CPU.ActiveCfg = Debug|Any CPU
		{9A6C785F-F746-4392-89EF-C133C6FF80F1}.Debug|Any CPU.Build.0 = Debug|Any CPU
		{9A6C785F-F746-4392-89EF-C133C6FF80F1}.Release|Any CPU.ActiveCfg = Release|Any CPU
		{9A6C785F-F746-4392-89EF-C133C6FF80F1}.Release|Any CPU.Build.0 = Release|Any CPU
		{99D184E7-1A6A-49E8-9F88-B9405521D7C1}.Debug|Any CPU.ActiveCfg = Debug|Any CPU
		{99D184E7-1A6A-49E8-9F88-B9405521D7C1}.Debug|Any CPU.Build.0 = Debug|Any CPU
		{99D184E7-1A6A-49E8-9F88-B9405521D7C1}.Release|Any CPU.ActiveCfg = Release|Any CPU
		{99D184E7-1A6A-49E8-9F88-B9405521D7C1}.Release|Any CPU.Build.0 = Release|Any CPU
		{9EFAD1D1-DBE7-46F8-86A2-98E170AB4782}.Debug|Any CPU.ActiveCfg = Debug|Any CPU
		{9EFAD1D1-DBE7-46F8-86A2-98E170AB4782}.Debug|Any CPU.Build.0 = Debug|Any CPU
		{9EFAD1D1-DBE7-46F8-86A2-98E170AB4782}.Release|Any CPU.ActiveCfg = Release|Any CPU
		{9EFAD1D1-DBE7-46F8-86A2-98E170AB4782}.Release|Any CPU.Build.0 = Release|Any CPU
		{56107453-32FC-43B9-9DB1-5DBD4246DF81}.Debug|Any CPU.ActiveCfg = Debug|Any CPU
		{56107453-32FC-43B9-9DB1-5DBD4246DF81}.Debug|Any CPU.Build.0 = Debug|Any CPU
		{56107453-32FC-43B9-9DB1-5DBD4246DF81}.Release|Any CPU.ActiveCfg = Release|Any CPU
		{56107453-32FC-43B9-9DB1-5DBD4246DF81}.Release|Any CPU.Build.0 = Release|Any CPU
		{BC94B9E1-F248-49E7-A2B8-A4DABDFBFC81}.Debug|Any CPU.ActiveCfg = Debug|Any CPU
		{BC94B9E1-F248-49E7-A2B8-A4DABDFBFC81}.Debug|Any CPU.Build.0 = Debug|Any CPU
		{BC94B9E1-F248-49E7-A2B8-A4DABDFBFC81}.Release|Any CPU.ActiveCfg = Release|Any CPU
		{BC94B9E1-F248-49E7-A2B8-A4DABDFBFC81}.Release|Any CPU.Build.0 = Release|Any CPU
	EndGlobalSection
	GlobalSection(SolutionProperties) = preSolution
		HideSolutionNode = FALSE
	EndGlobalSection
EndGlobal
